{
  "name": "Escala-de-Braden",
  "lockfileVersion": 3,
  "requires": true,
  "packages": {
    "": {
      "dependencies": {
        "@h4ad/serverless-adapter": "^2.16.0"
      }
    },
    "node_modules/@h4ad/serverless-adapter": {
      "version": "2.16.0",
      "resolved": "https://registry.npmjs.org/@h4ad/serverless-adapter/-/serverless-adapter-2.16.0.tgz",
      "integrity": "sha512-uOGfb3N2BJ6FgaNxhOO3l3Lr7XriGgckkakrcpPoBySAdjNdLl8nNZZqWJSQAvlgBR2DNuA/dcxztRTKEsy13Q==",
      "engines": {
        "node": ">=12.0"
      },
      "peerDependencies": {
        "@apollo/server": ">= 4.0.0",
        "@azure/functions": ">= 2.0.0",
        "@deepkit/http": ">= 1.0.1-alpha.74",
        "@google-cloud/functions-framework": ">= 3.0.0",
        "@hapi/hapi": ">= 20.0.0",
        "@trpc/server": ">= 9.0.0",
        "@types/aws-lambda": ">= 8.10.92",
        "@types/body-parser": ">= 1.19.2",
        "@types/cors": ">= 2.8.12",
        "@types/express": ">= 4.15.4",
        "@types/hapi": ">= 18.0.7",
        "@types/koa": ">= 2.11.2",
        "body-parser": ">= 1.20.0",
        "cors": ">= 2.8.5",
        "express": ">= 4.15.4",
        "fastify": ">= 3.0.0",
        "fastify-3": "npm:fastify@3.29.0",
        "firebase-admin": ">= 8.0.0",
        "firebase-admin-8": "npm:firebase-admin@^8.0.0",
        "firebase-functions": ">= 3.0.0",
        "http-errors": ">= 2.0.0",
        "koa": ">= 2.5.1",
        "reflect-metadata": "^0.1.13"
      },
      "peerDependenciesMeta": {
        "@apollo/server": {
          "optional": true
        },
        "@azure/functions": {
          "optional": true
        },
        "@deepkit/http": {
          "optional": true
        },
        "@google-cloud/functions-framework": {
          "optional": true
        },
        "@hapi/hapi": {
          "optional": true
        },
        "@trpc/server": {
          "optional": true
        },
        "@types/aws-lambda": {
          "optional": true
        },
        "@types/express": {
          "optional": true
        },
        "@types/hapi": {
          "optional": true
        },
        "@types/koa": {
          "optional": true
        },
        "body-parser": {
          "optional": true
        },
        "cors": {
          "optional": true
        },
        "express": {
          "optional": true
        },
        "fastify": {
          "optional": true
        },
        "fastify-3": {
          "optional": true
        },
        "firebase-admin": {
          "optional": true
        },
        "firebase-admin-8": {
          "optional": true
        },
        "firebase-functions": {
          "optional": true
        },
        "http-errors": {
          "optional": true
        },
        "koa": {
          "optional": true
        },
        "reflect-metadata": {
          "optional": true
        }
      }
    },
    "node_modules/@types/body-parser": {
      "version": "1.19.2",
      "resolved": "https://registry.npmjs.org/@types/body-parser/-/body-parser-1.19.2.tgz",
      "integrity": "sha512-ALYone6pm6QmwZoAgeyNksccT9Q4AWZQ6PvfwR37GT6r6FWUPguq6sUmNGSMV2Wr761oQoBxwGGa6DR5o1DC9g==",
      "peer": true,
      "dependencies": {
        "@types/connect": "*",
        "@types/node": "*"
      }
    },
    "node_modules/@types/connect": {
      "version": "3.4.35",
      "resolved": "https://registry.npmjs.org/@types/connect/-/connect-3.4.35.tgz",
      "integrity": "sha512-cdeYyv4KWoEgpBISTxWvqYsVy444DOqehiF3fM3ne10AmJ62RSyNkUnxMJXHQWRQQX2eR94m5y1IZyDwBjV9FQ==",
      "peer": true,
      "dependencies": {
        "@types/node": "*"
      }
    },
    "node_modules/@types/cors": {
      "version": "2.8.13",
      "resolved": "https://registry.npmjs.org/@types/cors/-/cors-2.8.13.tgz",
      "integrity": "sha512-RG8AStHlUiV5ysZQKq97copd2UmVYw3/pRMLefISZ3S1hK104Cwm7iLQ3fTKx+lsUH2CE8FlLaYeEA2LSeqYUA==",
      "peer": true,
      "dependencies": {
        "@types/node": "*"
      }
    },
    "node_modules/@types/node": {
      "version": "18.14.0",
      "resolved": "https://registry.npmjs.org/@types/node/-/node-18.14.0.tgz",
      "integrity": "sha512-5EWrvLmglK+imbCJY0+INViFWUHg1AHel1sq4ZVSfdcNqGy9Edv3UB9IIzzg+xPaUcAgZYcfVs2fBcwDeZzU0A==",
      "peer": true
    }
  }
}
